
Microsoft Visual Studio Solution File, Format Version 12.00
# Visual Studio Version 16
VisualStudioVersion = 16.0.31515.178
MinimumVisualStudioVersion = 10.0.40219.1
Project("{FAE04EC0-301F-11D3-BF4B-00C04F79EFBC}") = "WebApplication1", "WebApplication1\WebApplication1.csproj", "{FD21BD49-9114-41DF-9871-9B27550E9C95}"
EndProject
Global
	GlobalSection(SolutionConfigurationPlatforms) = preSolution
		Debug|Any CPU = Debug|Any CPU
		Release|Any CPU = Release|Any CPU
	EndGlobalSection
	GlobalSection(ProjectConfigurationPlatforms) = postSolution
		{FD21BD49-9114-41DF-9871-9B27550E9C95}.Debug|Any CPU.ActiveCfg = Debug|Any CPU
		{FD21BD49-9114-41DF-9871-9B27550E9C95}.Debug|Any CPU.Build.0 = Debug|Any CPU
		{FD21BD49-9114-41DF-9871-9B27550E9C95}.Release|Any CPU.ActiveCfg = Release|Any CPU
		{FD21BD49-9114-41DF-9871-9B27550E9C95}.Release|Any CPU.Build.0 = Release|Any CPU
	EndGlobalSection
	GlobalSection(SolutionProperties) = preSolution
		HideSolutionNode = FALSE
	EndGlobalSection
	GlobalSection(ExtensibilityGlobals) = postSolution
		SolutionGuid = {00946CA7-92DF-472C-B019-FEB45E66D357}
	EndGlobalSection
EndGlobal
